// !$*UTF8*$!
{
	archiveVersion = 1;
	classes = {
	};
	objectVersion = 46;
	objects = {

/* Begin PBXBuildFile section */
		D9DBDEA7191766E500C80D69 /* Foundation.framework in Frameworks */ = {isa = PBXBuildFile; fileRef = D9DBDEA6191766E500C80D69 /* Foundation.framework */; };
		D9DBDEA9191766E500C80D69 /* CoreGraphics.framework in Frameworks */ = {isa = PBXBuildFile; fileRef = D9DBDEA8191766E500C80D69 /* CoreGraphics.framework */; };
		D9DBDEAB191766E500C80D69 /* UIKit.framework in Frameworks */ = {isa = PBXBuildFile; fileRef = D9DBDEAA191766E500C80D69 /* UIKit.framework */; };
		D9DBDEB1191766E500C80D69 /* InfoPlist.strings in Resources */ = {isa = PBXBuildFile; fileRef = D9DBDEAF191766E500C80D69 /* InfoPlist.strings */; };
		D9DBDEB3191766E500C80D69 /* main.m in Sources */ = {isa = PBXBuildFile; fileRef = D9DBDEB2191766E500C80D69 /* main.m */; };
		D9DBDEB7191766E500C80D69 /* AppDelegate.m in Sources */ = {isa = PBXBuildFile; fileRef = D9DBDEB6191766E500C80D69 /* AppDelegate.m */; };
		D9DBDEBA191766E500C80D69 /* Main.storyboard in Resources */ = {isa = PBXBuildFile; fileRef = D9DBDEB8191766E500C80D69 /* Main.storyboard */; };
		D9DBDEBD191766E500C80D69 /* ViewController.m in Sources */ = {isa = PBXBuildFile; fileRef = D9DBDEBC191766E500C80D69 /* ViewController.m */; };
		D9DBDEBF191766E500C80D69 /* Images.xcassets in Resources */ = {isa = PBXBuildFile; fileRef = D9DBDEBE191766E500C80D69 /* Images.xcassets */; };
		D9DBDEC6191766E500C80D69 /* XCTest.framework in Frameworks */ = {isa = PBXBuildFile; fileRef = D9DBDEC5191766E500C80D69 /* XCTest.framework */; };
		D9DBDEC7191766E500C80D69 /* Foundation.framework in Frameworks */ = {isa = PBXBuildFile; fileRef = D9DBDEA6191766E500C80D69 /* Foundation.framework */; };
		D9DBDEC8191766E500C80D69 /* UIKit.framework in Frameworks */ = {isa = PBXBuildFile; fileRef = D9DBDEAA191766E500C80D69 /* UIKit.framework */; };
		D9DBDED0191766E500C80D69 /* InfoPlist.strings in Resources */ = {isa = PBXBuildFile; fileRef = D9DBDECE191766E500C80D69 /* InfoPlist.strings */; };
		D9DBDED2191766E500C80D69 /* testSQLTests.m in Sources */ = {isa = PBXBuildFile; fileRef = D9DBDED1191766E500C80D69 /* testSQLTests.m */; };
		D9DBDEDC1917680900C80D69 /* libsqlite3.dylib in Frameworks */ = {isa = PBXBuildFile; fileRef = D9DBDEDB1917680900C80D69 /* libsqlite3.dylib */; };
/* End PBXBuildFile section */

/* Begin PBXContainerItemProxy section */
		D9DBDEC9191766E500C80D69 /* PBXContainerItemProxy */ = {
			isa = PBXContainerItemProxy;
			containerPortal = D9DBDE9B191766E500C80D69 /* Project object */;
			proxyType = 1;
			remoteGlobalIDString = D9DBDEA2191766E500C80D69;
			remoteInfo = testSQL;
		};
/* End PBXContainerItemProxy section */

/* Begin PBXFileReference section */
		D9DBDEA3191766E500C80D69 /* testSQL.app */ = {isa = PBXFileReference; explicitFileType = wrapper.application; includeInIndex = 0; path = testSQL.app; sourceTree = BUILT_PRODUCTS_DIR; };
		D9DBDEA6191766E500C80D69 /* Foundation.framework */ = {isa = PBXFileReference; lastKnownFileType = wrapper.framework; name = Foundation.framework; path = System/Library/Frameworks/Foundation.framework; sourceTree = SDKROOT; };
		D9DBDEA8191766E500C80D69 /* CoreGraphics.framework */ = {isa = PBXFileReference; lastKnownFileType = wrapper.framework; name = CoreGraphics.framework; path = System/Library/Frameworks/CoreGraphics.framework; sourceTree = SDKROOT; };
		D9DBDEAA191766E500C80D69 /* UIKit.framework */ = {isa = PBXFileReference; lastKnownFileType = wrapper.framework; name = UIKit.framework; path = System/Library/Frameworks/UIKit.framework; sourceTree = SDKROOT; };
		D9DBDEAE191766E500C80D69 /* testSQL-Info.plist */ = {isa = PBXFileReference; lastKnownFileType = text.plist.xml; path = "testSQL-Info.plist"; sourceTree = "<group>"; };
		D9DBDEB0191766E500C80D69 /* en */ = {isa = PBXFileReference; lastKnownFileType = text.plist.strings; name = en; path = en.lproj/InfoPlist.strings; sourceTree = "<group>"; };
		D9DBDEB2191766E500C80D69 /* main.m */ = {isa = PBXFileReference; lastKnownFileType = sourcecode.c.objc; path = main.m; sourceTree = "<group>"; };
		D9DBDEB4191766E500C80D69 /* testSQL-Prefix.pch */ = {isa = PBXFileReference; lastKnownFileType = sourcecode.c.h; path = "testSQL-Prefix.pch"; sourceTree = "<group>"; };
		D9DBDEB5191766E500C80D69 /* AppDelegate.h */ = {isa = PBXFileReference; lastKnownFileType = sourcecode.c.h; path = AppDelegate.h; sourceTree = "<group>"; };
		D9DBDEB6191766E500C80D69 /* AppDelegate.m */ = {isa = PBXFileReference; lastKnownFileType = sourcecode.c.objc; path = AppDelegate.m; sourceTree = "<group>"; };
		D9DBDEB9191766E500C80D69 /* Base */ = {isa = PBXFileReference; lastKnownFileType = file.storyboard; name = Base; path = Base.lproj/Main.storyboard; sourceTree = "<group>"; };
		D9DBDEBB191766E500C80D69 /* ViewController.h */ = {isa = PBXFileReference; lastKnownFileType = sourcecode.c.h; path = ViewController.h; sourceTree = "<group>"; };
		D9DBDEBC191766E500C80D69 /* ViewController.m */ = {isa = PBXFileReference; lastKnownFileType = sourcecode.c.objc; path = ViewController.m; sourceTree = "<group>"; };
		D9DBDEBE191766E500C80D69 /* Images.xcassets */ = {isa = PBXFileReference; lastKnownFileType = folder.assetcatalog; path = Images.xcassets; sourceTree = "<group>"; };
		D9DBDEC4191766E500C80D69 /* testSQLTests.xctest */ = {isa = PBXFileReference; explicitFileType = wrapper.cfbundle; includeInIndex = 0; path = testSQLTests.xctest; sourceTree = BUILT_PRODUCTS_DIR; };
		D9DBDEC5191766E500C80D69 /* XCTest.framework */ = {isa = PBXFileReference; lastKnownFileType = wrapper.framework; name = XCTest.framework; path = Library/Frameworks/XCTest.framework; sourceTree = DEVELOPER_DIR; };
		D9DBDECD191766E500C80D69 /* testSQLTests-Info.plist */ = {isa = PBXFileReference; lastKnownFileType = text.plist.xml; path = "testSQLTests-Info.plist"; sourceTree = "<group>"; };
		D9DBDECF191766E500C80D69 /* en */ = {isa = PBXFileReference; lastKnownFileType = text.plist.strings; name = en; path = en.lproj/InfoPlist.strings; sourceTree = "<group>"; };
		D9DBDED1191766E500C80D69 /* testSQLTests.m */ = {isa = PBXFileReference; lastKnownFileType = sourcecode.c.objc; path = testSQLTests.m; sourceTree = "<group>"; };
		D9DBDEDB1917680900C80D69 /* libsqlite3.dylib */ = {isa = PBXFileReference; lastKnownFileType = "compiled.mach-o.dylib"; name = libsqlite3.dylib; path = usr/lib/libsqlite3.dylib; sourceTree = SDKROOT; };
/* End PBXFileReference section */

/* Begin PBXFrameworksBuildPhase section */
		D9DBDEA0191766E500C80D69 /* Frameworks */ = {
			isa = PBXFrameworksBuildPhase;
			buildActionMask = 2147483647;
			files = (
				D9DBDEDC1917680900C80D69 /* libsqlite3.dylib in Frameworks */,
				D9DBDEA9191766E500C80D69 /* CoreGraphics.framework in Frameworks */,
				D9DBDEAB191766E500C80D69 /* UIKit.framework in Frameworks */,
				D9DBDEA7191766E500C80D69 /* Foundation.framework in Frameworks */,
			);
			runOnlyForDeploymentPostprocessing = 0;
		};
		D9DBDEC1191766E500C80D69 /* Frameworks */ = {
			isa = PBXFrameworksBuildPhase;
			buildActionMask = 2147483647;
			files = (
				D9DBDEC6191766E500C80D69 /* XCTest.framework in Frameworks */,
				D9DBDEC8191766E500C80D69 /* UIKit.framework in Frameworks */,
				D9DBDEC7191766E500C80D69 /* Foundation.framework in Frameworks */,
			);
			runOnlyForDeploymentPostprocessing = 0;
		};
/* End PBXFrameworksBuildPhase section */

/* Begin PBXGroup section */
		D9DBDE9A191766E500C80D69 = {
			isa = PBXGroup;
			children = (
				D9DBDEAC191766E500C80D69 /* testSQL */,
				D9DBDECB191766E500C80D69 /* testSQLTests */,
				D9DBDEA5191766E500C80D69 /* Frameworks */,
				D9DBDEA4191766E500C80D69 /* Products */,
			);
			sourceTree = "<group>";
		};
		D9DBDEA4191766E500C80D69 /* Products */ = {
			isa = PBXGroup;
			children = (
				D9DBDEA3191766E500C80D69 /* testSQL.app */,
				D9DBDEC4191766E500C80D69 /* testSQLTests.xctest */,
			);
			name = Products;
			sourceTree = "<group>";
		};
		D9DBDEA5191766E500C80D69 /* Frameworks */ = {
			isa = PBXGroup;
			children = (
				D9DBDEDB1917680900C80D69 /* libsqlite3.dylib */,
				D9DBDEA6191766E500C80D69 /* Foundation.framework */,
				D9DBDEA8191766E500C80D69 /* CoreGraphics.framework */,
				D9DBDEAA191766E500C80D69 /* UIKit.framework */,
				D9DBDEC5191766E500C80D69 /* XCTest.framework */,
			);
			name = Frameworks;
			sourceTree = "<group>";
		};
		D9DBDEAC191766E500C80D69 /* testSQL */ = {
			isa = PBXGroup;
			children = (
				D9DBDEB5191766E500C80D69 /* AppDelegate.h */,
				D9DBDEB6191766E500C80D69 /* AppDelegate.m */,
				D9DBDEB8191766E500C80D69 /* Main.storyboard */,
				D9DBDEBB191766E500C80D69 /* ViewController.h */,
				D9DBDEBC191766E500C80D69 /* ViewController.m */,
				D9DBDEBE191766E500C80D69 /* Images.xcassets */,
				D9DBDEAD191766E500C80D69 /* Supporting Files */,
			);
			path = testSQL;
			sourceTree = "<group>";
		};
		D9DBDEAD191766E500C80D69 /* Supporting Files */ = {
			isa = PBXGroup;
			children = (
				D9DBDEAE191766E500C80D69 /* testSQL-Info.plist */,
				D9DBDEAF191766E500C80D69 /* InfoPlist.strings */,
				D9DBDEB2191766E500C80D69 /* main.m */,
				D9DBDEB4191766E500C80D69 /* testSQL-Prefix.pch */,
			);
			name = "Supporting Files";
			sourceTree = "<group>";
		};
		D9DBDECB191766E500C80D69 /* testSQLTests */ = {
			isa = PBXGroup;
			children = (
				D9DBDED1191766E500C80D69 /* testSQLTests.m */,
				D9DBDECC191766E500C80D69 /* Supporting Files */,
			);
			path = testSQLTests;
			sourceTree = "<group>";
		};
		D9DBDECC191766E500C80D69 /* Supporting Files */ = {
			isa = PBXGroup;
			children = (
				D9DBDECD191766E500C80D69 /* testSQLTests-Info.plist */,
				D9DBDECE191766E500C80D69 /* InfoPlist.strings */,
			);
			name = "Supporting Files";
			sourceTree = "<group>";
		};
/* End PBXGroup section */

/* Begin PBXNativeTarget section */
		D9DBDEA2191766E500C80D69 /* testSQL */ = {
			isa = PBXNativeTarget;
			buildConfigurationList = D9DBDED5191766E500C80D69 /* Build configuration list for PBXNativeTarget "testSQL" */;
			buildPhases = (
				D9DBDE9F191766E500C80D69 /* Sources */,
				D9DBDEA0191766E500C80D69 /* Frameworks */,
				D9DBDEA1191766E500C80D69 /* Resources */,
			);
			buildRules = (
			);
			dependencies = (
			);
			name = testSQL;
			productName = testSQL;
			productReference = D9DBDEA3191766E500C80D69 /* testSQL.app */;
			productType = "com.apple.product-type.application";
		};
		D9DBDEC3191766E500C80D69 /* testSQLTests */ = {
			isa = PBXNativeTarget;
			buildConfigurationList = D9DBDED8191766E500C80D69 /* Build configuration list for PBXNativeTarget "testSQLTests" */;
			buildPhases = (
				D9DBDEC0191766E500C80D69 /* Sources */,
				D9DBDEC1191766E500C80D69 /* Frameworks */,
				D9DBDEC2191766E500C80D69 /* Resources */,
			);
			buildRules = (
			);
			dependencies = (
				D9DBDECA191766E500C80D69 /* PBXTargetDependency */,
			);
			name = testSQLTests;
			productName = testSQLTests;
			productReference = D9DBDEC4191766E500C80D69 /* testSQLTests.xctest */;
			productType = "com.apple.product-type.bundle.unit-test";
		};
/* End PBXNativeTarget section */

/* Begin PBXProject section */
		D9DBDE9B191766E500C80D69 /* Project object */ = {
			isa = PBXProject;
			attributes = {
				LastUpgradeCheck = 0510;
				ORGANIZATIONNAME = el1ven;
				TargetAttributes = {
					D9DBDEC3191766E500C80D69 = {
						TestTargetID = D9DBDEA2191766E500C80D69;
					};
				};
			};
			buildConfigurationList = D9DBDE9E191766E500C80D69 /* Build configuration list for PBXProject "testSQL" */;
			compatibilityVersion = "Xcode 3.2";
			developmentRegion = English;
			hasScannedForEncodings = 0;
			knownRegions = (
				en,
				Base,
			);
			mainGroup = D9DBDE9A191766E500C80D69;
			productRefGroup = D9DBDEA4191766E500C80D69 /* Products */;
			projectDirPath = "";
			projectRoot = "";
			targets = (
				D9DBDEA2191766E500C80D69 /* testSQL */,
				D9DBDEC3191766E500C80D69 /* testSQLTests */,
			);
		};
/* End PBXProject section */

/* Begin PBXResourcesBuildPhase section */
		D9DBDEA1191766E500C80D69 /* Resources */ = {
			isa = PBXResourcesBuildPhase;
			buildActionMask = 2147483647;
			files = (
				D9DBDEBF191766E500C80D69 /* Images.xcassets in Resources */,
				D9DBDEB1191766E500C80D69 /* InfoPlist.strings in Resources */,
				D9DBDEBA191766E500C80D69 /* Main.storyboard in Resources */,
			);
			runOnlyForDeploymentPostprocessing = 0;
		};
		D9DBDEC2191766E500C80D69 /* Resources */ = {
			isa = PBXResourcesBuildPhase;
			buildActionMask = 2147483647;
			files = (
				D9DBDED0191766E500C80D69 /* InfoPlist.strings in Resources */,
			);
			runOnlyForDeploymentPostprocessing = 0;
		};
/* End PBXResourcesBuildPhase section */

/* Begin PBXSourcesBuildPhase section */
		D9DBDE9F191766E500C80D69 /* Sources */ = {
			isa = PBXSourcesBuildPhase;
			buildActionMask = 2147483647;
			files = (
				D9DBDEBD191766E500C80D69 /* ViewController.m in Sources */,
				D9DBDEB7191766E500C80D69 /* AppDelegate.m in Sources */,
				D9DBDEB3191766E500C80D69 /* main.m in Sources */,
			);
			runOnlyForDeploymentPostprocessing = 0;
		};
		D9DBDEC0191766E500C80D69 /* Sources */ = {
			isa = PBXSourcesBuildPhase;
			buildActionMask = 2147483647;
			files = (
				D9DBDED2191766E500C80D69 /* testSQLTests.m in Sources */,
			);
			runOnlyForDeploymentPostprocessing = 0;
		};
/* End PBXSourcesBuildPhase section */

/* Begin PBXTargetDependency section */
		D9DBDECA191766E500C80D69 /* PBXTargetDependency */ = {
			isa = PBXTargetDependency;
			target = D9DBDEA2191766E500C80D69 /* testSQL */;
			targetProxy = D9DBDEC9191766E500C80D69 /* PBXContainerItemProxy */;
		};
/* End PBXTargetDependency section */

/* Begin PBXVariantGroup section */
		D9DBDEAF191766E500C80D69 /* InfoPlist.strings */ = {
			isa = PBXVariantGroup;
			children = (
				D9DBDEB0191766E500C80D69 /* en */,
			);
			name = InfoPlist.strings;
			sourceTree = "<group>";
		};
		D9DBDEB8191766E500C80D69 /* Main.storyboard */ = {
			isa = PBXVariantGroup;
			children = (
				D9DBDEB9191766E500C80D69 /* Base */,
			);
			name = Main.storyboard;
			sourceTree = "<group>";
		};
		D9DBDECE191766E500C80D69 /* InfoPlist.strings */ = {
			isa = PBXVariantGroup;
			children = (
				D9DBDECF191766E500C80D69 /* en */,
			);
			name = InfoPlist.strings;
			sourceTree = "<group>";
		};
/* End PBXVariantGroup section */

/* Begin XCBuildConfiguration section */
		D9DBDED3191766E500C80D69 /* Debug */ = {
			isa = XCBuildConfiguration;
			buildSettings = {
				ALWAYS_SEARCH_USER_PATHS = NO;
				CLANG_CXX_LANGUAGE_STANDARD = "gnu++0x";
				CLANG_CXX_LIBRARY = "libc++";
				CLANG_ENABLE_MODULES = YES;
				CLANG_ENABLE_OBJC_ARC = YES;
				CLANG_WARN_BOOL_CONVERSION = YES;
				CLANG_WARN_CONSTANT_CONVERSION = YES;
				CLANG_WARN_DIRECT_OBJC_ISA_USAGE = YES_ERROR;
				CLANG_WARN_EMPTY_BODY = YES;
				CLANG_WARN_ENUM_CONVERSION = YES;
				CLANG_WARN_INT_CONVERSION = YES;
				CLANG_WARN_OBJC_ROOT_CLASS = YES_ERROR;
				CLANG_WARN__DUPLICATE_METHOD_MATCH = YES;
				"CODE_SIGN_IDENTITY[sdk=iphoneos*]" = "iPhone Developer";
				COPY_PHASE_STRIP = NO;
				GCC_C_LANGUAGE_STANDARD = gnu99;
				GCC_DYNAMIC_NO_PIC = NO;
				GCC_OPTIMIZATION_LEVEL = 0;
				GCC_PREPROCESSOR_DEFINITIONS = (
					"DEBUG=1",
					"$(inherited)",
				);
				GCC_SYMBOLS_PRIVATE_EXTERN = NO;
				GCC_WARN_64_TO_32_BIT_CONVERSION = YES;
				GCC_WARN_ABOUT_RETURN_TYPE = YES_ERROR;
				GCC_WARN_UNDECLARED_SELECTOR = YES;
				GCC_WARN_UNINITIALIZED_AUTOS = YES_AGGRESSIVE;
				GCC_WARN_UNUSED_FUNCTION = YES;
				GCC_WARN_UNUSED_VARIABLE = YES;
				IPHONEOS_DEPLOYMENT_TARGET = 7.1;
				ONLY_ACTIVE_ARCH = YES;
				SDKROOT = iphoneos;
			};
			name = Debug;
		};
		D9DBDED4191766E500C80D69 /* Release */ = {
			isa = XCBuildConfiguration;
			buildSettings = {
				ALWAYS_SEARCH_USER_PATHS = NO;
				CLANG_CXX_LANGUAGE_STANDARD = "gnu++0x";
				CLANG_CXX_LIBRARY = "libc++";
				CLANG_ENABLE_MODULES = YES;
				CLANG_ENABLE_OBJC_ARC = YES;
				CLANG_WARN_BOOL_CONVERSION = YES;
				CLANG_WARN_CONSTANT_CONVERSION = YES;
				CLANG_WARN_DIRECT_OBJC_ISA_USAGE = YES_ERROR;
				CLANG_WARN_EMPTY_BODY = YES;
				CLANG_WARN_ENUM_CONVERSION = YES;
				CLANG_WARN_INT_CONVERSION = YES;
				CLANG_WARN_OBJC_ROOT_CLASS = YES_ERROR;
				CLANG_WARN__DUPLICATE_METHOD_MATCH = YES;
				"CODE_SIGN_IDENTITY[sdk=iphoneos*]" = "iPhone Developer";
				COPY_PHASE_STRIP = YES;
				ENABLE_NS_ASSERTIONS = NO;
				GCC_C_LANGUAGE_STANDARD = gnu99;
				GCC_WARN_64_TO_32_BIT_CONVERSION = YES;
				GCC_WARN_ABOUT_RETURN_TYPE = YES_ERROR;
				GCC_WARN_UNDECLARED_SELECTOR = YES;
				GCC_WARN_UNINITIALIZED_AUTOS = YES_AGGRESSIVE;
				GCC_WARN_UNUSED_FUNCTION = YES;
				GCC_WARN_UNUSED_VARIABLE = YES;
				IPHONEOS_DEPLOYMENT_TARGET = 7.1;
				SDKROOT = iphoneos;
				VALIDATE_PRODUCT = YES;
			};
			name = Release;
		};
		D9DBDED6191766E500C80D69 /* Debug */ = {
			isa = XCBuildConfiguration;
			buildSettings = {
				ASSETCATALOG_COMPILER_APPICON_NAME = AppIcon;
				ASSETCATALOG_COMPILER_LAUNCHIMAGE_NAME = LaunchImage;
				GCC_PRECOMPILE_PREFIX_HEADER = YES;
				GCC_PREFIX_HEADER = "testSQL/testSQL-Prefix.pch";
				INFOPLIST_FILE = "testSQL/testSQL-Info.plist";
				PRODUCT_NAME = "$(TARGET_NAME)";
				WRAPPER_EXTENSION = app;
			};
			name = Debug;
		};
		D9DBDED7191766E500C80D69 /* Release */ = {
			isa = XCBuildConfiguration;
			buildSettings = {
				ASSETCATALOG_COMPILER_APPICON_NAME = AppIcon;
				ASSETCATALOG_COMPILER_LAUNCHIMAGE_NAME = LaunchImage;
				GCC_PRECOMPILE_PREFIX_HEADER = YES;
				GCC_PREFIX_HEADER = "testSQL/testSQL-Prefix.pch";
				INFOPLIST_FILE = "testSQL/testSQL-Info.plist";
				PRODUCT_NAME = "$(TARGET_NAME)";
				WRAPPER_EXTENSION = app;
			};
			name = Release;
		};
		D9DBDED9191766E500C80D69 /* Debug */ = {
			isa = XCBuildConfiguration;
			buildSettings = {
				BUNDLE_LOADER = "$(BUILT_PRODUCTS_DIR)/testSQL.app/testSQL";
				FRAMEWORK_SEARCH_PATHS = (
					"$(SDKROOT)/Developer/Library/Frameworks",
					"$(inherited)",
					"$(DEVELOPER_FRAMEWORKS_DIR)",
				);
				GCC_PRECOMPILE_PREFIX_HEADER = YES;
				GCC_PREFIX_HEADER = "testSQL/testSQL-Prefix.pch";
				GCC_PREPROCESSOR_DEFINITIONS = (
					"DEBUG=1",
					"$(inherited)",
				);
				INFOPLIST_FILE = "testSQLTests/testSQLTests-Info.plist";
				PRODUCT_NAME = "$(TARGET_NAME)";
				TEST_HOST = "$(BUNDLE_LOADER)";
				WRAPPER_EXTENSION = xctest;
			};
			name = Debug;
		};
		D9DBDEDA191766E500C80D69 /* Release */ = {
			isa = XCBuildConfiguration;
			buildSettings = {
				BUNDLE_LOADER = "$(BUILT_PRODUCTS_DIR)/testSQL.app/testSQL";
				FRAMEWORK_SEARCH_PATHS = (
					"$(SDKROOT)/Developer/Library/Frameworks",
					"$(inherited)",
					"$(DEVELOPER_FRAMEWORKS_DIR)",
				);
				GCC_PRECOMPILE_PREFIX_HEADER = YES;
				GCC_PREFIX_HEADER = "testSQL/testSQL-Prefix.pch";
				INFOPLIST_FILE = "testSQLTests/testSQLTests-Info.plist";
				PRODUCT_NAME = "$(TARGET_NAME)";
				TEST_HOST = "$(BUNDLE_LOADER)";
				WRAPPER_EXTENSION = xctest;
			};
			name = Release;
		};
/* End XCBuildConfiguration section */

/* Begin XCConfigurationList section */
		D9DBDE9E191766E500C80D69 /* Build configuration list for PBXProject "testSQL" */ = {
			isa = XCConfigurationList;
			buildConfigurations = (
				D9DBDED3191766E500C80D69 /* Debug */,
				D9DBDED4191766E500C80D69 /* Release */,
			);
			defaultConfigurationIsVisible = 0;
			defaultConfigurationName = Release;
		};
		D9DBDED5191766E500C80D69 /* Build configuration list for PBXNativeTarget "testSQL" */ = {
			isa = XCConfigurationList;
			buildConfigurations = (
				D9DBDED6191766E500C80D69 /* Debug */,
				D9DBDED7191766E500C80D69 /* Release */,
			);
			defaultConfigurationIsVisible = 0;
		};
		D9DBDED8191766E500C80D69 /* Build configuration list for PBXNativeTarget "testSQLTests" */ = {
			isa = XCConfigurationList;
			buildConfigurations = (
				D9DBDED9191766E500C80D69 /* Debug */,
				D9DBDEDA191766E500C80D69 /* Release */,
			);
			defaultConfigurationIsVisible = 0;
		};
/* End XCConfigurationList section */
	};
	rootObject = D9DBDE9B191766E500C80D69 /* Project object */;
}
